// !$*UTF8*$!
{
	archiveVersion = 1;
	classes = {
	};
	objectVersion = 46;
	objects = {

/* Begin PBXBuildFile section */
		00C724361A9166F000B6B8A7 /* AppDelegate.swift in Sources */ = {isa = PBXBuildFile; fileRef = 00C724351A9166F000B6B8A7 /* AppDelegate.swift */; };
		00C724381A9166F000B6B8A7 /* ViewController.swift in Sources */ = {isa = PBXBuildFile; fileRef = 00C724371A9166F000B6B8A7 /* ViewController.swift */; };
		00C7243A1A9166F000B6B8A7 /* Images.xcassets in Resources */ = {isa = PBXBuildFile; fileRef = 00C724391A9166F000B6B8A7 /* Images.xcassets */; };
		00C7243D1A9166F000B6B8A7 /* Main.storyboard in Resources */ = {isa = PBXBuildFile; fileRef = 00C7243B1A9166F000B6B8A7 /* Main.storyboard */; };
		00C724491A9166F000B6B8A7 /* SwiftOpenGLTests.swift in Sources */ = {isa = PBXBuildFile; fileRef = 00C724481A9166F000B6B8A7 /* SwiftOpenGLTests.swift */; };
/* End PBXBuildFile section */

/* Begin PBXContainerItemProxy section */
		00C724431A9166F000B6B8A7 /* PBXContainerItemProxy */ = {
			isa = PBXContainerItemProxy;
			containerPortal = 00C724281A9166F000B6B8A7 /* Project object */;
			proxyType = 1;
			remoteGlobalIDString = 00C7242F1A9166F000B6B8A7;
			remoteInfo = SwiftOpenGL;
		};
/* End PBXContainerItemProxy section */

/* Begin PBXFileReference section */
		00C724301A9166F000B6B8A7 /* SwiftOpenGL.app */ = {isa = PBXFileReference; explicitFileType = wrapper.application; includeInIndex = 0; path = SwiftOpenGL.app; sourceTree = BUILT_PRODUCTS_DIR; };
		00C724341A9166F000B6B8A7 /* Info.plist */ = {isa = PBXFileReference; lastKnownFileType = text.plist.xml; path = Info.plist; sourceTree = "<group>"; };
		00C724351A9166F000B6B8A7 /* AppDelegate.swift */ = {isa = PBXFileReference; lastKnownFileType = sourcecode.swift; path = AppDelegate.swift; sourceTree = "<group>"; };
		00C724371A9166F000B6B8A7 /* ViewController.swift */ = {isa = PBXFileReference; lastKnownFileType = sourcecode.swift; path = ViewController.swift; sourceTree = "<group>"; };
		00C724391A9166F000B6B8A7 /* Images.xcassets */ = {isa = PBXFileReference; lastKnownFileType = folder.assetcatalog; path = Images.xcassets; sourceTree = "<group>"; };
		00C7243C1A9166F000B6B8A7 /* Base */ = {isa = PBXFileReference; lastKnownFileType = file.storyboard; name = Base; path = Base.lproj/Main.storyboard; sourceTree = "<group>"; };
		00C724421A9166F000B6B8A7 /* SwiftOpenGLTests.xctest */ = {isa = PBXFileReference; explicitFileType = wrapper.cfbundle; includeInIndex = 0; path = SwiftOpenGLTests.xctest; sourceTree = BUILT_PRODUCTS_DIR; };
		00C724471A9166F000B6B8A7 /* Info.plist */ = {isa = PBXFileReference; lastKnownFileType = text.plist.xml; path = Info.plist; sourceTree = "<group>"; };
		00C724481A9166F000B6B8A7 /* SwiftOpenGLTests.swift */ = {isa = PBXFileReference; lastKnownFileType = sourcecode.swift; path = SwiftOpenGLTests.swift; sourceTree = "<group>"; };
/* End PBXFileReference section */

/* Begin PBXFrameworksBuildPhase section */
		00C7242D1A9166F000B6B8A7 /* Frameworks */ = {
			isa = PBXFrameworksBuildPhase;
			buildActionMask = 2147483647;
			files = (
			);
			runOnlyForDeploymentPostprocessing = 0;
		};
		00C7243F1A9166F000B6B8A7 /* Frameworks */ = {
			isa = PBXFrameworksBuildPhase;
			buildActionMask = 2147483647;
			files = (
			);
			runOnlyForDeploymentPostprocessing = 0;
		};
/* End PBXFrameworksBuildPhase section */

/* Begin PBXGroup section */
		00C724271A9166F000B6B8A7 = {
			isa = PBXGroup;
			children = (
				00C724321A9166F000B6B8A7 /* SwiftOpenGL */,
				00C724451A9166F000B6B8A7 /* SwiftOpenGLTests */,
				00C724311A9166F000B6B8A7 /* Products */,
			);
			sourceTree = "<group>";
		};
		00C724311A9166F000B6B8A7 /* Products */ = {
			isa = PBXGroup;
			children = (
				00C724301A9166F000B6B8A7 /* SwiftOpenGL.app */,
				00C724421A9166F000B6B8A7 /* SwiftOpenGLTests.xctest */,
			);
			name = Products;
			sourceTree = "<group>";
		};
		00C724321A9166F000B6B8A7 /* SwiftOpenGL */ = {
			isa = PBXGroup;
			children = (
				00C724351A9166F000B6B8A7 /* AppDelegate.swift */,
				00C724371A9166F000B6B8A7 /* ViewController.swift */,
				00C724391A9166F000B6B8A7 /* Images.xcassets */,
				00C7243B1A9166F000B6B8A7 /* Main.storyboard */,
				00C724331A9166F000B6B8A7 /* Supporting Files */,
			);
			path = SwiftOpenGL;
			sourceTree = "<group>";
		};
		00C724331A9166F000B6B8A7 /* Supporting Files */ = {
			isa = PBXGroup;
			children = (
				00C724341A9166F000B6B8A7 /* Info.plist */,
			);
			name = "Supporting Files";
			sourceTree = "<group>";
		};
		00C724451A9166F000B6B8A7 /* SwiftOpenGLTests */ = {
			isa = PBXGroup;
			children = (
				00C724481A9166F000B6B8A7 /* SwiftOpenGLTests.swift */,
				00C724461A9166F000B6B8A7 /* Supporting Files */,
			);
			path = SwiftOpenGLTests;
			sourceTree = "<group>";
		};
		00C724461A9166F000B6B8A7 /* Supporting Files */ = {
			isa = PBXGroup;
			children = (
				00C724471A9166F000B6B8A7 /* Info.plist */,
			);
			name = "Supporting Files";
			sourceTree = "<group>";
		};
/* End PBXGroup section */

/* Begin PBXNativeTarget section */
		00C7242F1A9166F000B6B8A7 /* SwiftOpenGL */ = {
			isa = PBXNativeTarget;
			buildConfigurationList = 00C7244C1A9166F000B6B8A7 /* Build configuration list for PBXNativeTarget "SwiftOpenGL" */;
			buildPhases = (
				00C7242C1A9166F000B6B8A7 /* Sources */,
				00C7242D1A9166F000B6B8A7 /* Frameworks */,
				00C7242E1A9166F000B6B8A7 /* Resources */,
			);
			buildRules = (
			);
			dependencies = (
			);
			name = SwiftOpenGL;
			productName = SwiftOpenGL;
			productReference = 00C724301A9166F000B6B8A7 /* SwiftOpenGL.app */;
			productType = "com.apple.product-type.application";
		};
		00C724411A9166F000B6B8A7 /* SwiftOpenGLTests */ = {
			isa = PBXNativeTarget;
			buildConfigurationList = 00C7244F1A9166F000B6B8A7 /* Build configuration list for PBXNativeTarget "SwiftOpenGLTests" */;
			buildPhases = (
				00C7243E1A9166F000B6B8A7 /* Sources */,
				00C7243F1A9166F000B6B8A7 /* Frameworks */,
				00C724401A9166F000B6B8A7 /* Resources */,
			);
			buildRules = (
			);
			dependencies = (
				00C724441A9166F000B6B8A7 /* PBXTargetDependency */,
			);
			name = SwiftOpenGLTests;
			productName = SwiftOpenGLTests;
			productReference = 00C724421A9166F000B6B8A7 /* SwiftOpenGLTests.xctest */;
			productType = "com.apple.product-type.bundle.unit-test";
		};
/* End PBXNativeTarget section */

/* Begin PBXProject section */
		00C724281A9166F000B6B8A7 /* Project object */ = {
			isa = PBXProject;
			attributes = {
				LastUpgradeCheck = 0610;
				ORGANIZATIONNAME = MyKo;
				TargetAttributes = {
					00C7242F1A9166F000B6B8A7 = {
						CreatedOnToolsVersion = 6.1.1;
					};
					00C724411A9166F000B6B8A7 = {
						CreatedOnToolsVersion = 6.1.1;
						TestTargetID = 00C7242F1A9166F000B6B8A7;
					};
				};
			};
			buildConfigurationList = 00C7242B1A9166F000B6B8A7 /* Build configuration list for PBXProject "SwiftOpenGL" */;
			compatibilityVersion = "Xcode 3.2";
			developmentRegion = English;
			hasScannedForEncodings = 0;
			knownRegions = (
				en,
				Base,
			);
			mainGroup = 00C724271A9166F000B6B8A7;
			productRefGroup = 00C724311A9166F000B6B8A7 /* Products */;
			projectDirPath = "";
			projectRoot = "";
			targets = (
				00C7242F1A9166F000B6B8A7 /* SwiftOpenGL */,
				00C724411A9166F000B6B8A7 /* SwiftOpenGLTests */,
			);
		};
/* End PBXProject section */

/* Begin PBXResourcesBuildPhase section */
		00C7242E1A9166F000B6B8A7 /* Resources */ = {
			isa = PBXResourcesBuildPhase;
			buildActionMask = 2147483647;
			files = (
				00C7243A1A9166F000B6B8A7 /* Images.xcassets in Resources */,
				00C7243D1A9166F000B6B8A7 /* Main.storyboard in Resources */,
			);
			runOnlyForDeploymentPostprocessing = 0;
		};
		00C724401A9166F000B6B8A7 /* Resources */ = {
			isa = PBXResourcesBuildPhase;
			buildActionMask = 2147483647;
			files = (
			);
			runOnlyForDeploymentPostprocessing = 0;
		};
/* End PBXResourcesBuildPhase section */

/* Begin PBXSourcesBuildPhase section */
		00C7242C1A9166F000B6B8A7 /* Sources */ = {
			isa = PBXSourcesBuildPhase;
			buildActionMask = 2147483647;
			files = (
				00C724381A9166F000B6B8A7 /* ViewController.swift in Sources */,
				00C724361A9166F000B6B8A7 /* AppDelegate.swift in Sources */,
			);
			runOnlyForDeploymentPostprocessing = 0;
		};
		00C7243E1A9166F000B6B8A7 /* Sources */ = {
			isa = PBXSourcesBuildPhase;
			buildActionMask = 2147483647;
			files = (
				00C724491A9166F000B6B8A7 /* SwiftOpenGLTests.swift in Sources */,
			);
			runOnlyForDeploymentPostprocessing = 0;
		};
/* End PBXSourcesBuildPhase section */

/* Begin PBXTargetDependency section */
		00C724441A9166F000B6B8A7 /* PBXTargetDependency */ = {
			isa = PBXTargetDependency;
			target = 00C7242F1A9166F000B6B8A7 /* SwiftOpenGL */;
			targetProxy = 00C724431A9166F000B6B8A7 /* PBXContainerItemProxy */;
		};
/* End PBXTargetDependency section */

/* Begin PBXVariantGroup section */
		00C7243B1A9166F000B6B8A7 /* Main.storyboard */ = {
			isa = PBXVariantGroup;
			children = (
				00C7243C1A9166F000B6B8A7 /* Base */,
			);
			name = Main.storyboard;
			sourceTree = "<group>";
		};
/* End PBXVariantGroup section */

/* Begin XCBuildConfiguration section */
		00C7244A1A9166F000B6B8A7 /* Debug */ = {
			isa = XCBuildConfiguration;
			buildSettings = {
				ALWAYS_SEARCH_USER_PATHS = NO;
				CLANG_CXX_LANGUAGE_STANDARD = "gnu++0x";
				CLANG_CXX_LIBRARY = "libc++";
				CLANG_ENABLE_MODULES = YES;
				CLANG_ENABLE_OBJC_ARC = YES;
				CLANG_WARN_BOOL_CONVERSION = YES;
				CLANG_WARN_CONSTANT_CONVERSION = YES;
				CLANG_WARN_DIRECT_OBJC_ISA_USAGE = YES_ERROR;
				CLANG_WARN_EMPTY_BODY = YES;
				CLANG_WARN_ENUM_CONVERSION = YES;
				CLANG_WARN_INT_CONVERSION = YES;
				CLANG_WARN_OBJC_ROOT_CLASS = YES_ERROR;
				CLANG_WARN_UNREACHABLE_CODE = YES;
				CLANG_WARN__DUPLICATE_METHOD_MATCH = YES;
				CODE_SIGN_IDENTITY = "-";
				COPY_PHASE_STRIP = NO;
				ENABLE_STRICT_OBJC_MSGSEND = YES;
				GCC_C_LANGUAGE_STANDARD = gnu99;
				GCC_DYNAMIC_NO_PIC = NO;
				GCC_OPTIMIZATION_LEVEL = 0;
				GCC_PREPROCESSOR_DEFINITIONS = (
					"DEBUG=1",
					"$(inherited)",
				);
				GCC_SYMBOLS_PRIVATE_EXTERN = NO;
				GCC_WARN_64_TO_32_BIT_CONVERSION = YES;
				GCC_WARN_ABOUT_RETURN_TYPE = YES_ERROR;
				GCC_WARN_UNDECLARED_SELECTOR = YES;
				GCC_WARN_UNINITIALIZED_AUTOS = YES_AGGRESSIVE;
				GCC_WARN_UNUSED_FUNCTION = YES;
				GCC_WARN_UNUSED_VARIABLE = YES;
				MACOSX_DEPLOYMENT_TARGET = 10.10;
				MTL_ENABLE_DEBUG_INFO = YES;
				ONLY_ACTIVE_ARCH = YES;
				SDKROOT = macosx;
				SWIFT_OPTIMIZATION_LEVEL = "-Onone";
			};
			name = Debug;
		};
		00C7244B1A9166F000B6B8A7 /* Release */ = {
			isa = XCBuildConfiguration;
			buildSettings = {
				ALWAYS_SEARCH_USER_PATHS = NO;
				CLANG_CXX_LANGUAGE_STANDARD = "gnu++0x";
				CLANG_CXX_LIBRARY = "libc++";
				CLANG_ENABLE_MODULES = YES;
				CLANG_ENABLE_OBJC_ARC = YES;
				CLANG_WARN_BOOL_CONVERSION = YES;
				CLANG_WARN_CONSTANT_CONVERSION = YES;
				CLANG_WARN_DIRECT_OBJC_ISA_USAGE = YES_ERROR;
				CLANG_WARN_EMPTY_BODY = YES;
				CLANG_WARN_ENUM_CONVERSION = YES;
				CLANG_WARN_INT_CONVERSION = YES;
				CLANG_WARN_OBJC_ROOT_CLASS = YES_ERROR;
				CLANG_WARN_UNREACHABLE_CODE = YES;
				CLANG_WARN__DUPLICATE_METHOD_MATCH = YES;
				CODE_SIGN_IDENTITY = "-";
				COPY_PHASE_STRIP = YES;
				DEBUG_INFORMATION_FORMAT = "dwarf-with-dsym";
				ENABLE_NS_ASSERTIONS = NO;
				ENABLE_STRICT_OBJC_MSGSEND = YES;
				GCC_C_LANGUAGE_STANDARD = gnu99;
				GCC_WARN_64_TO_32_BIT_CONVERSION = YES;
				GCC_WARN_ABOUT_RETURN_TYPE = YES_ERROR;
				GCC_WARN_UNDECLARED_SELECTOR = YES;
				GCC_WARN_UNINITIALIZED_AUTOS = YES_AGGRESSIVE;
				GCC_WARN_UNUSED_FUNCTION = YES;
				GCC_WARN_UNUSED_VARIABLE = YES;
				MACOSX_DEPLOYMENT_TARGET = 10.10;
				MTL_ENABLE_DEBUG_INFO = NO;
				SDKROOT = macosx;
			};
			name = Release;
		};
		00C7244D1A9166F000B6B8A7 /* Debug */ = {
			isa = XCBuildConfiguration;
			buildSettings = {
				ASSETCATALOG_COMPILER_APPICON_NAME = AppIcon;
				COMBINE_HIDPI_IMAGES = YES;
				INFOPLIST_FILE = SwiftOpenGL/Info.plist;
				LD_RUNPATH_SEARCH_PATHS = "$(inherited) @executable_path/../Frameworks";
				PRODUCT_NAME = "$(TARGET_NAME)";
			};
			name = Debug;
		};
		00C7244E1A9166F000B6B8A7 /* Release */ = {
			isa = XCBuildConfiguration;
			buildSettings = {
				ASSETCATALOG_COMPILER_APPICON_NAME = AppIcon;
				COMBINE_HIDPI_IMAGES = YES;
				INFOPLIST_FILE = SwiftOpenGL/Info.plist;
				LD_RUNPATH_SEARCH_PATHS = "$(inherited) @executable_path/../Frameworks";
				PRODUCT_NAME = "$(TARGET_NAME)";
			};
			name = Release;
		};
		00C724501A9166F000B6B8A7 /* Debug */ = {
			isa = XCBuildConfiguration;
			buildSettings = {
				BUNDLE_LOADER = "$(TEST_HOST)";
				COMBINE_HIDPI_IMAGES = YES;
				FRAMEWORK_SEARCH_PATHS = (
					"$(DEVELOPER_FRAMEWORKS_DIR)",
					"$(inherited)",
				);
				GCC_PREPROCESSOR_DEFINITIONS = (
					"DEBUG=1",
					"$(inherited)",
				);
				INFOPLIST_FILE = SwiftOpenGLTests/Info.plist;
				LD_RUNPATH_SEARCH_PATHS = "$(inherited) @executable_path/../Frameworks @loader_path/../Frameworks";
				PRODUCT_NAME = "$(TARGET_NAME)";
				TEST_HOST = "$(BUILT_PRODUCTS_DIR)/SwiftOpenGL.app/Contents/MacOS/SwiftOpenGL";
			};
			name = Debug;
		};
		00C724511A9166F000B6B8A7 /* Release */ = {
			isa = XCBuildConfiguration;
			buildSettings = {
				BUNDLE_LOADER = "$(TEST_HOST)";
				COMBINE_HIDPI_IMAGES = YES;
				FRAMEWORK_SEARCH_PATHS = (
					"$(DEVELOPER_FRAMEWORKS_DIR)",
					"$(inherited)",
				);
				INFOPLIST_FILE = SwiftOpenGLTests/Info.plist;
				LD_RUNPATH_SEARCH_PATHS = "$(inherited) @executable_path/../Frameworks @loader_path/../Frameworks";
				PRODUCT_NAME = "$(TARGET_NAME)";
				TEST_HOST = "$(BUILT_PRODUCTS_DIR)/SwiftOpenGL.app/Contents/MacOS/SwiftOpenGL";
			};
			name = Release;
		};
/* End XCBuildConfiguration section */

/* Begin XCConfigurationList section */
		00C7242B1A9166F000B6B8A7 /* Build configuration list for PBXProject "SwiftOpenGL" */ = {
			isa = XCConfigurationList;
			buildConfigurations = (
				00C7244A1A9166F000B6B8A7 /* Debug */,
				00C7244B1A9166F000B6B8A7 /* Release */,
			);
			defaultConfigurationIsVisible = 0;
			defaultConfigurationName = Release;
		};
		00C7244C1A9166F000B6B8A7 /* Build configuration list for PBXNativeTarget "SwiftOpenGL" */ = {
			isa = XCConfigurationList;
			buildConfigurations = (
				00C7244D1A9166F000B6B8A7 /* Debug */,
				00C7244E1A9166F000B6B8A7 /* Release */,
			);
			defaultConfigurationIsVisible = 0;
		};
		00C7244F1A9166F000B6B8A7 /* Build configuration list for PBXNativeTarget "SwiftOpenGLTests" */ = {
			isa = XCConfigurationList;
			buildConfigurations = (
				00C724501A9166F000B6B8A7 /* Debug */,
				00C724511A9166F000B6B8A7 /* Release */,
			);
			defaultConfigurationIsVisible = 0;
		};
/* End XCConfigurationList section */
	};
	rootObject = 00C724281A9166F000B6B8A7 /* Project object */;
}
